
Microsoft Visual Studio Solution File, Format Version 12.00
# Visual Studio Version 17
VisualStudioVersion = 17.4.33205.214
MinimumVisualStudioVersion = 10.0.40219.1
Project("{9A19103F-16F7-4668-BE54-9A1E7A4F7556}") = "FeedbackHub", "BackendTemplate\FeedbackHub.csproj", "{62CCF3AC-82FA-4318-97D6-36DBCB90E87B}"
EndProject
Project("{2150E333-8FDC-42A3-9474-1A3956D46DE8}") = "Solution Items", "Solution Items", "{971AE26D-1579-4C0F-A7C0-5C903AAF86F1}"
	ProjectSection(SolutionItems) = preProject
		.editorconfig = .editorconfig
	EndProjectSection
EndProject
Global
	GlobalSection(SolutionConfigurationPlatforms) = preSolution
		Debug|Any CPU = Debug|Any CPU
		Release|Any CPU = Release|Any CPU
	EndGlobalSection
	GlobalSection(ProjectConfigurationPlatforms) = postSolution
		{62CCF3AC-82FA-4318-97D6-36DBCB90E87B}.Debug|Any CPU.ActiveCfg = Debug|Any CPU
		{62CCF3AC-82FA-4318-97D6-36DBCB90E87B}.Debug|Any CPU.Build.0 = Debug|Any CPU
		{62CCF3AC-82FA-4318-97D6-36DBCB90E87B}.Release|Any CPU.ActiveCfg = Release|Any CPU
		{62CCF3AC-82FA-4318-97D6-36DBCB90E87B}.Release|Any CPU.Build.0 = Release|Any CPU
	EndGlobalSection
	GlobalSection(SolutionProperties) = preSolution
		HideSolutionNode = FALSE
	EndGlobalSection
	GlobalSection(ExtensibilityGlobals) = postSolution
		SolutionGuid = {4D3633BC-CC55-46C7-8932-21C9345D736A}
	EndGlobalSection
EndGlobal
